
Microsoft Visual Studio Solution File, Format Version 12.00
# Visual Studio Version 16
VisualStudioVersion = 16.6.30114.105
MinimumVisualStudioVersion = 10.0.40219.1
Project("{FAE04EC0-301F-11D3-BF4B-00C04F79EFBC}") = "R5T.D0111.A001", "R5T.D0111.A001\R5T.D0111.A001.csproj", "{5679B6B5-F78B-4FC3-B454-A307AEBBBEDA}"
EndProject
Project("{FAE04EC0-301F-11D3-BF4B-00C04F79EFBC}") = "R5T.D0111.I001", "R5T.D0111.I001\R5T.D0111.I001.csproj", "{233A89A6-A3AD-4A02-90EA-52B0FDF0B690}"
EndProject
Project("{FAE04EC0-301F-11D3-BF4B-00C04F79EFBC}") = "R5T.D0111.Base", "R5T.D0111.Base\R5T.D0111.Base.csproj", "{FC2D18A2-5843-453E-931B-4F1D99064AB8}"
EndProject
Project("{2150E333-8FDC-42A3-9474-1A3956D46DE8}") = "_Dependencies", "_Dependencies", "{FD78862B-9D0D-44AA-9BFB-1E182F8FC9A1}"
EndProject
Project("{FAE04EC0-301F-11D3-BF4B-00C04F79EFBC}") = "R5T.Dacia.Extensions", "..\..\R5T.Dacia.Extensions\source\R5T.Dacia.Extensions\R5T.Dacia.Extensions.csproj", "{62640F1F-E87F-4693-B24F-17E931699874}"
EndProject
Project("{FAE04EC0-301F-11D3-BF4B-00C04F79EFBC}") = "R5T.Dacia.T002", "..\..\R5T.Dacia\source\R5T.Dacia.T002\R5T.Dacia.T002.csproj", "{23D477BF-2F5D-47F6-B689-AD0C0C3E67D6}"
EndProject
Global
	GlobalSection(SolutionConfigurationPlatforms) = preSolution
		Debug|Any CPU = Debug|Any CPU
		Debug|x64 = Debug|x64
		Debug|x86 = Debug|x86
		Release|Any CPU = Release|Any CPU
		Release|x64 = Release|x64
		Release|x86 = Release|x86
	EndGlobalSection
	GlobalSection(SolutionProperties) = preSolution
		HideSolutionNode = FALSE
	EndGlobalSection
	GlobalSection(ProjectConfigurationPlatforms) = postSolution
		{5679B6B5-F78B-4FC3-B454-A307AEBBBEDA}.Debug|Any CPU.ActiveCfg = Debug|Any CPU
		{5679B6B5-F78B-4FC3-B454-A307AEBBBEDA}.Debug|Any CPU.Build.0 = Debug|Any CPU
		{5679B6B5-F78B-4FC3-B454-A307AEBBBEDA}.Debug|x64.ActiveCfg = Debug|Any CPU
		{5679B6B5-F78B-4FC3-B454-A307AEBBBEDA}.Debug|x64.Build.0 = Debug|Any CPU
		{5679B6B5-F78B-4FC3-B454-A307AEBBBEDA}.Debug|x86.ActiveCfg = Debug|Any CPU
		{5679B6B5-F78B-4FC3-B454-A307AEBBBEDA}.Debug|x86.Build.0 = Debug|Any CPU
		{5679B6B5-F78B-4FC3-B454-A307AEBBBEDA}.Release|Any CPU.ActiveCfg = Release|Any CPU
		{5679B6B5-F78B-4FC3-B454-A307AEBBBEDA}.Release|Any CPU.Build.0 = Release|Any CPU
		{5679B6B5-F78B-4FC3-B454-A307AEBBBEDA}.Release|x64.ActiveCfg = Release|Any CPU
		{5679B6B5-F78B-4FC3-B454-A307AEBBBEDA}.Release|x64.Build.0 = Release|Any CPU
		{5679B6B5-F78B-4FC3-B454-A307AEBBBEDA}.Release|x86.ActiveCfg = Release|Any CPU
		{5679B6B5-F78B-4FC3-B454-A307AEBBBEDA}.Release|x86.Build.0 = Release|Any CPU
		{233A89A6-A3AD-4A02-90EA-52B0FDF0B690}.Debug|Any CPU.ActiveCfg = Debug|Any CPU
		{233A89A6-A3AD-4A02-90EA-52B0FDF0B690}.Debug|Any CPU.Build.0 = Debug|Any CPU
		{233A89A6-A3AD-4A02-90EA-52B0FDF0B690}.Debug|x64.ActiveCfg = Debug|Any CPU
		{233A89A6-A3AD-4A02-90EA-52B0FDF0B690}.Debug|x64.Build.0 = Debug|Any CPU
		{233A89A6-A3AD-4A02-90EA-52B0FDF0B690}.Debug|x86.ActiveCfg = Debug|Any CPU
		{233A89A6-A3AD-4A02-90EA-52B0FDF0B690}.Debug|x86.Build.0 = Debug|Any CPU
		{233A89A6-A3AD-4A02-90EA-52B0FDF0B690}.Release|Any CPU.ActiveCfg = Release|Any CPU
		{233A89A6-A3AD-4A02-90EA-52B0FDF0B690}.Release|Any CPU.Build.0 = Release|Any CPU
		{233A89A6-A3AD-4A02-90EA-52B0FDF0B690}.Release|x64.ActiveCfg = Release|Any CPU
		{233A89A6-A3AD-4A02-90EA-52B0FDF0B690}.Release|x64.Build.0 = Release|Any CPU
		{233A89A6-A3AD-4A02-90EA-52B0FDF0B690}.Release|x86.ActiveCfg = Release|Any CPU
		{233A89A6-A3AD-4A02-90EA-52B0FDF0B690}.Release|x86.Build.0 = Release|Any CPU
		{FC2D18A2-5843-453E-931B-4F1D99064AB8}.Debug|Any CPU.ActiveCfg = Debug|Any CPU
		{FC2D18A2-5843-453E-931B-4F1D99064AB8}.Debug|Any CPU.Build.0 = Debug|Any CPU
		{FC2D18A2-5843-453E-931B-4F1D99064AB8}.Debug|x64.ActiveCfg = Debug|Any CPU
		{FC2D18A2-5843-453E-931B-4F1D99064AB8}.Debug|x64.Build.0 = Debug|Any CPU
		{FC2D18A2-5843-453E-931B-4F1D99064AB8}.Debug|x86.ActiveCfg = Debug|Any CPU
		{FC2D18A2-5843-453E-931B-4F1D99064AB8}.Debug|x86.Build.0 = Debug|Any CPU
		{FC2D18A2-5843-453E-931B-4F1D99064AB8}.Release|Any CPU.ActiveCfg = Release|Any CPU
		{FC2D18A2-5843-453E-931B-4F1D99064AB8}.Release|Any CPU.Build.0 = Release|Any CPU
		{FC2D18A2-5843-453E-931B-4F1D99064AB8}.Release|x64.ActiveCfg = Release|Any CPU
		{FC2D18A2-5843-453E-931B-4F1D99064AB8}.Release|x64.Build.0 = Release|Any CPU
		{FC2D18A2-5843-453E-931B-4F1D99064AB8}.Release|x86.ActiveCfg = Release|Any CPU
		{FC2D18A2-5843-453E-931B-4F1D99064AB8}.Release|x86.Build.0 = Release|Any CPU
		{62640F1F-E87F-4693-B24F-17E931699874}.Debug|Any CPU.ActiveCfg = Debug|Any CPU
		{62640F1F-E87F-4693-B24F-17E931699874}.Debug|Any CPU.Build.0 = Debug|Any CPU
		{62640F1F-E87F-4693-B24F-17E931699874}.Debug|x64.ActiveCfg = Debug|Any CPU
		{62640F1F-E87F-4693-B24F-17E931699874}.Debug|x64.Build.0 = Debug|Any CPU
		{62640F1F-E87F-4693-B24F-17E931699874}.Debug|x86.ActiveCfg = Debug|Any CPU
		{62640F1F-E87F-4693-B24F-17E931699874}.Debug|x86.Build.0 = Debug|Any CPU
		{62640F1F-E87F-4693-B24F-17E931699874}.Release|Any CPU.ActiveCfg = Release|Any CPU
		{62640F1F-E87F-4693-B24F-17E931699874}.Release|Any CPU.Build.0 = Release|Any CPU
		{62640F1F-E87F-4693-B24F-17E931699874}.Release|x64.ActiveCfg = Release|Any CPU
		{62640F1F-E87F-4693-B24F-17E931699874}.Release|x64.Build.0 = Release|Any CPU
		{62640F1F-E87F-4693-B24F-17E931699874}.Release|x86.ActiveCfg = Release|Any CPU
		{62640F1F-E87F-4693-B24F-17E931699874}.Release|x86.Build.0 = Release|Any CPU
		{23D477BF-2F5D-47F6-B689-AD0C0C3E67D6}.Debug|Any CPU.ActiveCfg = Debug|Any CPU
		{23D477BF-2F5D-47F6-B689-AD0C0C3E67D6}.Debug|Any CPU.Build.0 = Debug|Any CPU
		{23D477BF-2F5D-47F6-B689-AD0C0C3E67D6}.Debug|x64.ActiveCfg = Debug|Any CPU
		{23D477BF-2F5D-47F6-B689-AD0C0C3E67D6}.Debug|x64.Build.0 = Debug|Any CPU
		{23D477BF-2F5D-47F6-B689-AD0C0C3E67D6}.Debug|x86.ActiveCfg = Debug|Any CPU
		{23D477BF-2F5D-47F6-B689-AD0C0C3E67D6}.Debug|x86.Build.0 = Debug|Any CPU
		{23D477BF-2F5D-47F6-B689-AD0C0C3E67D6}.Release|Any CPU.ActiveCfg = Release|Any CPU
		{23D477BF-2F5D-47F6-B689-AD0C0C3E67D6}.Release|Any CPU.Build.0 = Release|Any CPU
		{23D477BF-2F5D-47F6-B689-AD0C0C3E67D6}.Release|x64.ActiveCfg = Release|Any CPU
		{23D477BF-2F5D-47F6-B689-AD0C0C3E67D6}.Release|x64.Build.0 = Release|Any CPU
		{23D477BF-2F5D-47F6-B689-AD0C0C3E67D6}.Release|x86.ActiveCfg = Release|Any CPU
		{23D477BF-2F5D-47F6-B689-AD0C0C3E67D6}.Release|x86.Build.0 = Release|Any CPU
	EndGlobalSection
	GlobalSection(NestedProjects) = preSolution
		{62640F1F-E87F-4693-B24F-17E931699874} = {FD78862B-9D0D-44AA-9BFB-1E182F8FC9A1}
		{23D477BF-2F5D-47F6-B689-AD0C0C3E67D6} = {FD78862B-9D0D-44AA-9BFB-1E182F8FC9A1}
	EndGlobalSection
EndGlobal
