
Microsoft Visual Studio Solution File, Format Version 12.00
# Visual Studio Version 16
VisualStudioVersion = 16.6.30114.105
MinimumVisualStudioVersion = 10.0.40219.1
Project("{FAE04EC0-301F-11D3-BF4B-00C04F79EFBC}") = "R5T.D0111.Construction", "R5T.D0111.Construction\R5T.D0111.Construction.csproj", "{BFC1D436-21A1-45C6-96D3-FF86DBE7121F}"
EndProject
Project("{2150E333-8FDC-42A3-9474-1A3956D46DE8}") = "_Dependencies", "_Dependencies", "{A3DF448F-67E9-46CA-BFF8-04AE5D1056B8}"
EndProject
Project("{FAE04EC0-301F-11D3-BF4B-00C04F79EFBC}") = "R5T.Plymouth.ProgramAsAService", "..\..\R5T.Plymouth\source\R5T.Plymouth.ProgramAsAService\R5T.Plymouth.ProgramAsAService.csproj", "{0D67DC54-0D0B-4703-898A-9F5CDFDDE2CE}"
EndProject
Project("{FAE04EC0-301F-11D3-BF4B-00C04F79EFBC}") = "R5T.T0027.T009", "..\..\R5T.T0027\source\R5T.T0027.T009\R5T.T0027.T009.csproj", "{BD32CCB6-BF5F-49B9-804D-099920494CC6}"
EndProject
Project("{FAE04EC0-301F-11D3-BF4B-00C04F79EFBC}") = "R5T.D0111.I001", "R5T.D0111.I001\R5T.D0111.I001.csproj", "{165634EF-29EB-4429-8E65-60EA69192B52}"
EndProject
Project("{FAE04EC0-301F-11D3-BF4B-00C04F79EFBC}") = "R5T.D0111.Base", "R5T.D0111.Base\R5T.D0111.Base.csproj", "{8C6FDDEB-7865-46E0-B47B-353A6D139730}"
EndProject
Project("{FAE04EC0-301F-11D3-BF4B-00C04F79EFBC}") = "R5T.Dacia.Extensions", "..\..\R5T.Dacia.Extensions\source\R5T.Dacia.Extensions\R5T.Dacia.Extensions.csproj", "{727A84AB-6B41-410B-BD41-71A75B4F42B1}"
EndProject
Project("{FAE04EC0-301F-11D3-BF4B-00C04F79EFBC}") = "R5T.Dacia.T002", "..\..\R5T.Dacia\source\R5T.Dacia.T002\R5T.Dacia.T002.csproj", "{BA2A796B-8109-4645-B330-D5C42FFFB2F6}"
EndProject
Global
	GlobalSection(SolutionConfigurationPlatforms) = preSolution
		Debug|Any CPU = Debug|Any CPU
		Debug|x64 = Debug|x64
		Debug|x86 = Debug|x86
		Release|Any CPU = Release|Any CPU
		Release|x64 = Release|x64
		Release|x86 = Release|x86
	EndGlobalSection
	GlobalSection(SolutionProperties) = preSolution
		HideSolutionNode = FALSE
	EndGlobalSection
	GlobalSection(ProjectConfigurationPlatforms) = postSolution
		{BFC1D436-21A1-45C6-96D3-FF86DBE7121F}.Debug|Any CPU.ActiveCfg = Debug|Any CPU
		{BFC1D436-21A1-45C6-96D3-FF86DBE7121F}.Debug|Any CPU.Build.0 = Debug|Any CPU
		{BFC1D436-21A1-45C6-96D3-FF86DBE7121F}.Debug|x64.ActiveCfg = Debug|Any CPU
		{BFC1D436-21A1-45C6-96D3-FF86DBE7121F}.Debug|x64.Build.0 = Debug|Any CPU
		{BFC1D436-21A1-45C6-96D3-FF86DBE7121F}.Debug|x86.ActiveCfg = Debug|Any CPU
		{BFC1D436-21A1-45C6-96D3-FF86DBE7121F}.Debug|x86.Build.0 = Debug|Any CPU
		{BFC1D436-21A1-45C6-96D3-FF86DBE7121F}.Release|Any CPU.ActiveCfg = Release|Any CPU
		{BFC1D436-21A1-45C6-96D3-FF86DBE7121F}.Release|Any CPU.Build.0 = Release|Any CPU
		{BFC1D436-21A1-45C6-96D3-FF86DBE7121F}.Release|x64.ActiveCfg = Release|Any CPU
		{BFC1D436-21A1-45C6-96D3-FF86DBE7121F}.Release|x64.Build.0 = Release|Any CPU
		{BFC1D436-21A1-45C6-96D3-FF86DBE7121F}.Release|x86.ActiveCfg = Release|Any CPU
		{BFC1D436-21A1-45C6-96D3-FF86DBE7121F}.Release|x86.Build.0 = Release|Any CPU
		{0D67DC54-0D0B-4703-898A-9F5CDFDDE2CE}.Debug|Any CPU.ActiveCfg = Debug|Any CPU
		{0D67DC54-0D0B-4703-898A-9F5CDFDDE2CE}.Debug|Any CPU.Build.0 = Debug|Any CPU
		{0D67DC54-0D0B-4703-898A-9F5CDFDDE2CE}.Debug|x64.ActiveCfg = Debug|Any CPU
		{0D67DC54-0D0B-4703-898A-9F5CDFDDE2CE}.Debug|x64.Build.0 = Debug|Any CPU
		{0D67DC54-0D0B-4703-898A-9F5CDFDDE2CE}.Debug|x86.ActiveCfg = Debug|Any CPU
		{0D67DC54-0D0B-4703-898A-9F5CDFDDE2CE}.Debug|x86.Build.0 = Debug|Any CPU
		{0D67DC54-0D0B-4703-898A-9F5CDFDDE2CE}.Release|Any CPU.ActiveCfg = Release|Any CPU
		{0D67DC54-0D0B-4703-898A-9F5CDFDDE2CE}.Release|Any CPU.Build.0 = Release|Any CPU
		{0D67DC54-0D0B-4703-898A-9F5CDFDDE2CE}.Release|x64.ActiveCfg = Release|Any CPU
		{0D67DC54-0D0B-4703-898A-9F5CDFDDE2CE}.Release|x64.Build.0 = Release|Any CPU
		{0D67DC54-0D0B-4703-898A-9F5CDFDDE2CE}.Release|x86.ActiveCfg = Release|Any CPU
		{0D67DC54-0D0B-4703-898A-9F5CDFDDE2CE}.Release|x86.Build.0 = Release|Any CPU
		{BD32CCB6-BF5F-49B9-804D-099920494CC6}.Debug|Any CPU.ActiveCfg = Debug|Any CPU
		{BD32CCB6-BF5F-49B9-804D-099920494CC6}.Debug|Any CPU.Build.0 = Debug|Any CPU
		{BD32CCB6-BF5F-49B9-804D-099920494CC6}.Debug|x64.ActiveCfg = Debug|Any CPU
		{BD32CCB6-BF5F-49B9-804D-099920494CC6}.Debug|x64.Build.0 = Debug|Any CPU
		{BD32CCB6-BF5F-49B9-804D-099920494CC6}.Debug|x86.ActiveCfg = Debug|Any CPU
		{BD32CCB6-BF5F-49B9-804D-099920494CC6}.Debug|x86.Build.0 = Debug|Any CPU
		{BD32CCB6-BF5F-49B9-804D-099920494CC6}.Release|Any CPU.ActiveCfg = Release|Any CPU
		{BD32CCB6-BF5F-49B9-804D-099920494CC6}.Release|Any CPU.Build.0 = Release|Any CPU
		{BD32CCB6-BF5F-49B9-804D-099920494CC6}.Release|x64.ActiveCfg = Release|Any CPU
		{BD32CCB6-BF5F-49B9-804D-099920494CC6}.Release|x64.Build.0 = Release|Any CPU
		{BD32CCB6-BF5F-49B9-804D-099920494CC6}.Release|x86.ActiveCfg = Release|Any CPU
		{BD32CCB6-BF5F-49B9-804D-099920494CC6}.Release|x86.Build.0 = Release|Any CPU
		{165634EF-29EB-4429-8E65-60EA69192B52}.Debug|Any CPU.ActiveCfg = Debug|Any CPU
		{165634EF-29EB-4429-8E65-60EA69192B52}.Debug|Any CPU.Build.0 = Debug|Any CPU
		{165634EF-29EB-4429-8E65-60EA69192B52}.Debug|x64.ActiveCfg = Debug|Any CPU
		{165634EF-29EB-4429-8E65-60EA69192B52}.Debug|x64.Build.0 = Debug|Any CPU
		{165634EF-29EB-4429-8E65-60EA69192B52}.Debug|x86.ActiveCfg = Debug|Any CPU
		{165634EF-29EB-4429-8E65-60EA69192B52}.Debug|x86.Build.0 = Debug|Any CPU
		{165634EF-29EB-4429-8E65-60EA69192B52}.Release|Any CPU.ActiveCfg = Release|Any CPU
		{165634EF-29EB-4429-8E65-60EA69192B52}.Release|Any CPU.Build.0 = Release|Any CPU
		{165634EF-29EB-4429-8E65-60EA69192B52}.Release|x64.ActiveCfg = Release|Any CPU
		{165634EF-29EB-4429-8E65-60EA69192B52}.Release|x64.Build.0 = Release|Any CPU
		{165634EF-29EB-4429-8E65-60EA69192B52}.Release|x86.ActiveCfg = Release|Any CPU
		{165634EF-29EB-4429-8E65-60EA69192B52}.Release|x86.Build.0 = Release|Any CPU
		{8C6FDDEB-7865-46E0-B47B-353A6D139730}.Debug|Any CPU.ActiveCfg = Debug|Any CPU
		{8C6FDDEB-7865-46E0-B47B-353A6D139730}.Debug|Any CPU.Build.0 = Debug|Any CPU
		{8C6FDDEB-7865-46E0-B47B-353A6D139730}.Debug|x64.ActiveCfg = Debug|Any CPU
		{8C6FDDEB-7865-46E0-B47B-353A6D139730}.Debug|x64.Build.0 = Debug|Any CPU
		{8C6FDDEB-7865-46E0-B47B-353A6D139730}.Debug|x86.ActiveCfg = Debug|Any CPU
		{8C6FDDEB-7865-46E0-B47B-353A6D139730}.Debug|x86.Build.0 = Debug|Any CPU
		{8C6FDDEB-7865-46E0-B47B-353A6D139730}.Release|Any CPU.ActiveCfg = Release|Any CPU
		{8C6FDDEB-7865-46E0-B47B-353A6D139730}.Release|Any CPU.Build.0 = Release|Any CPU
		{8C6FDDEB-7865-46E0-B47B-353A6D139730}.Release|x64.ActiveCfg = Release|Any CPU
		{8C6FDDEB-7865-46E0-B47B-353A6D139730}.Release|x64.Build.0 = Release|Any CPU
		{8C6FDDEB-7865-46E0-B47B-353A6D139730}.Release|x86.ActiveCfg = Release|Any CPU
		{8C6FDDEB-7865-46E0-B47B-353A6D139730}.Release|x86.Build.0 = Release|Any CPU
		{727A84AB-6B41-410B-BD41-71A75B4F42B1}.Debug|Any CPU.ActiveCfg = Debug|Any CPU
		{727A84AB-6B41-410B-BD41-71A75B4F42B1}.Debug|Any CPU.Build.0 = Debug|Any CPU
		{727A84AB-6B41-410B-BD41-71A75B4F42B1}.Debug|x64.ActiveCfg = Debug|Any CPU
		{727A84AB-6B41-410B-BD41-71A75B4F42B1}.Debug|x64.Build.0 = Debug|Any CPU
		{727A84AB-6B41-410B-BD41-71A75B4F42B1}.Debug|x86.ActiveCfg = Debug|Any CPU
		{727A84AB-6B41-410B-BD41-71A75B4F42B1}.Debug|x86.Build.0 = Debug|Any CPU
		{727A84AB-6B41-410B-BD41-71A75B4F42B1}.Release|Any CPU.ActiveCfg = Release|Any CPU
		{727A84AB-6B41-410B-BD41-71A75B4F42B1}.Release|Any CPU.Build.0 = Release|Any CPU
		{727A84AB-6B41-410B-BD41-71A75B4F42B1}.Release|x64.ActiveCfg = Release|Any CPU
		{727A84AB-6B41-410B-BD41-71A75B4F42B1}.Release|x64.Build.0 = Release|Any CPU
		{727A84AB-6B41-410B-BD41-71A75B4F42B1}.Release|x86.ActiveCfg = Release|Any CPU
		{727A84AB-6B41-410B-BD41-71A75B4F42B1}.Release|x86.Build.0 = Release|Any CPU
		{BA2A796B-8109-4645-B330-D5C42FFFB2F6}.Debug|Any CPU.ActiveCfg = Debug|Any CPU
		{BA2A796B-8109-4645-B330-D5C42FFFB2F6}.Debug|Any CPU.Build.0 = Debug|Any CPU
		{BA2A796B-8109-4645-B330-D5C42FFFB2F6}.Debug|x64.ActiveCfg = Debug|Any CPU
		{BA2A796B-8109-4645-B330-D5C42FFFB2F6}.Debug|x64.Build.0 = Debug|Any CPU
		{BA2A796B-8109-4645-B330-D5C42FFFB2F6}.Debug|x86.ActiveCfg = Debug|Any CPU
		{BA2A796B-8109-4645-B330-D5C42FFFB2F6}.Debug|x86.Build.0 = Debug|Any CPU
		{BA2A796B-8109-4645-B330-D5C42FFFB2F6}.Release|Any CPU.ActiveCfg = Release|Any CPU
		{BA2A796B-8109-4645-B330-D5C42FFFB2F6}.Release|Any CPU.Build.0 = Release|Any CPU
		{BA2A796B-8109-4645-B330-D5C42FFFB2F6}.Release|x64.ActiveCfg = Release|Any CPU
		{BA2A796B-8109-4645-B330-D5C42FFFB2F6}.Release|x64.Build.0 = Release|Any CPU
		{BA2A796B-8109-4645-B330-D5C42FFFB2F6}.Release|x86.ActiveCfg = Release|Any CPU
		{BA2A796B-8109-4645-B330-D5C42FFFB2F6}.Release|x86.Build.0 = Release|Any CPU
	EndGlobalSection
	GlobalSection(NestedProjects) = preSolution
		{0D67DC54-0D0B-4703-898A-9F5CDFDDE2CE} = {A3DF448F-67E9-46CA-BFF8-04AE5D1056B8}
		{BD32CCB6-BF5F-49B9-804D-099920494CC6} = {A3DF448F-67E9-46CA-BFF8-04AE5D1056B8}
		{727A84AB-6B41-410B-BD41-71A75B4F42B1} = {A3DF448F-67E9-46CA-BFF8-04AE5D1056B8}
		{BA2A796B-8109-4645-B330-D5C42FFFB2F6} = {A3DF448F-67E9-46CA-BFF8-04AE5D1056B8}
	EndGlobalSection
EndGlobal
