
Microsoft Visual Studio Solution File, Format Version 12.00
# Visual Studio Version 17
VisualStudioVersion = 17.2.32630.192
MinimumVisualStudioVersion = 10.0.40219.1
Project("{2150E333-8FDC-42A3-9474-1A3956D46DE8}") = "_Dependencies", "_Dependencies", "{F9BD4A32-9909-4083-BC1C-9A881FAB64EA}"
EndProject
Project("{9A19103F-16F7-4668-BE54-9A1E7A4F7556}") = "R5T.D0111.D001.Base", "R5T.D0111.D001.Base\R5T.D0111.D001.Base.csproj", "{5733F160-B06B-40CF-86F5-0B7F4ACA3026}"
EndProject
Project("{9A19103F-16F7-4668-BE54-9A1E7A4F7556}") = "R5T.T0064", "..\..\R5T.T0064\source\R5T.T0064\R5T.T0064.csproj", "{6315D791-A5B4-46D9-ACB3-B8F670684C7A}"
EndProject
Project("{9A19103F-16F7-4668-BE54-9A1E7A4F7556}") = "R5T.D0111.D001.I001", "R5T.D0111.D001.I001\R5T.D0111.D001.I001.csproj", "{F776A476-3490-4DA9-A490-0530D3BBE2D7}"
EndProject
Project("{9A19103F-16F7-4668-BE54-9A1E7A4F7556}") = "R5T.T0062.X001", "..\..\R5T.T0062\source\R5T.T0062.X001\R5T.T0062.X001.csproj", "{228055E4-3024-491F-A305-1C354CADB121}"
EndProject
Project("{9A19103F-16F7-4668-BE54-9A1E7A4F7556}") = "R5T.D0065.Base", "..\..\R5T.D0065\source\R5T.D0065.Base\R5T.D0065.Base.csproj", "{31D742E6-B2AB-4B0A-941F-E563346C9969}"
EndProject
Project("{9A19103F-16F7-4668-BE54-9A1E7A4F7556}") = "R5T.Lombardy.Base", "..\..\R5T.Lombardy.Base\source\R5T.Lombardy.Base\R5T.Lombardy.Base.csproj", "{C89DF170-5341-43EC-8C2D-91177EB988E9}"
EndProject
Project("{9A19103F-16F7-4668-BE54-9A1E7A4F7556}") = "R5T.T0021", "..\..\R5T.T0021\source\R5T.T0021\R5T.T0021.csproj", "{B62F8C71-961B-49B8-BC2A-2233E6FE99CF}"
EndProject
Project("{9A19103F-16F7-4668-BE54-9A1E7A4F7556}") = "R5T.L0013", "..\..\R5T.L0013\source\R5T.L0013\R5T.L0013.csproj", "{DC7A7D9D-928C-4904-873D-45F7D2A29377}"
EndProject
Project("{9A19103F-16F7-4668-BE54-9A1E7A4F7556}") = "R5T.Magyar", "..\..\R5T.Magyar\source\R5T.Magyar\R5T.Magyar.csproj", "{0BEF7AB9-ACE0-4F67-A417-C3F3AE7BB1A8}"
EndProject
Project("{9A19103F-16F7-4668-BE54-9A1E7A4F7556}") = "R5T.T0039.T002", "..\..\R5T.T0039\source\R5T.T0039.T002\R5T.T0039.T002.csproj", "{1AAF0DA1-9DEA-4A51-8E44-E5456B20E702}"
EndProject
Project("{9A19103F-16F7-4668-BE54-9A1E7A4F7556}") = "R5T.T0062", "..\..\R5T.T0062\source\R5T.T0062\R5T.T0062.csproj", "{29CFDCA0-0FF2-465A-9479-6F2DBF691CD8}"
EndProject
Project("{9A19103F-16F7-4668-BE54-9A1E7A4F7556}") = "R5T.T0063", "..\..\R5T.T0063\source\R5T.T0063\R5T.T0063.csproj", "{0287700C-AE49-4440-9F39-00FD49B511FF}"
EndProject
Project("{9A19103F-16F7-4668-BE54-9A1E7A4F7556}") = "R5T.T0143", "..\..\R5T.T0143\source\R5T.T0143\R5T.T0143.csproj", "{77C150E2-6267-4EC4-989C-598A23353377}"
EndProject
Global
	GlobalSection(NestedProjects) = preSolution
		{6315D791-A5B4-46D9-ACB3-B8F670684C7A} = {F9BD4A32-9909-4083-BC1C-9A881FAB64EA}
		{228055E4-3024-491F-A305-1C354CADB121} = {F9BD4A32-9909-4083-BC1C-9A881FAB64EA}
		{31D742E6-B2AB-4B0A-941F-E563346C9969} = {F9BD4A32-9909-4083-BC1C-9A881FAB64EA}
		{C89DF170-5341-43EC-8C2D-91177EB988E9} = {F9BD4A32-9909-4083-BC1C-9A881FAB64EA}
		{B62F8C71-961B-49B8-BC2A-2233E6FE99CF} = {F9BD4A32-9909-4083-BC1C-9A881FAB64EA}
		{DC7A7D9D-928C-4904-873D-45F7D2A29377} = {F9BD4A32-9909-4083-BC1C-9A881FAB64EA}
		{0BEF7AB9-ACE0-4F67-A417-C3F3AE7BB1A8} = {F9BD4A32-9909-4083-BC1C-9A881FAB64EA}
		{1AAF0DA1-9DEA-4A51-8E44-E5456B20E702} = {F9BD4A32-9909-4083-BC1C-9A881FAB64EA}
		{29CFDCA0-0FF2-465A-9479-6F2DBF691CD8} = {F9BD4A32-9909-4083-BC1C-9A881FAB64EA}
		{0287700C-AE49-4440-9F39-00FD49B511FF} = {F9BD4A32-9909-4083-BC1C-9A881FAB64EA}
		{77C150E2-6267-4EC4-989C-598A23353377} = {F9BD4A32-9909-4083-BC1C-9A881FAB64EA}
	EndGlobalSection
	GlobalSection(SolutionConfigurationPlatforms) = preSolution
		Debug|Any CPU = Debug|Any CPU
		Debug|x64 = Debug|x64
		Debug|x86 = Debug|x86
		Release|Any CPU = Release|Any CPU
		Release|x64 = Release|x64
		Release|x86 = Release|x86
	EndGlobalSection
	GlobalSection(ProjectConfigurationPlatforms) = postSolution
		{5733F160-B06B-40CF-86F5-0B7F4ACA3026}.Debug|Any CPU.ActiveCfg = Debug|Any CPU
		{5733F160-B06B-40CF-86F5-0B7F4ACA3026}.Debug|Any CPU.Build.0 = Debug|Any CPU
		{5733F160-B06B-40CF-86F5-0B7F4ACA3026}.Debug|x64.ActiveCfg = Debug|Any CPU
		{5733F160-B06B-40CF-86F5-0B7F4ACA3026}.Debug|x64.Build.0 = Debug|Any CPU
		{5733F160-B06B-40CF-86F5-0B7F4ACA3026}.Debug|x86.ActiveCfg = Debug|Any CPU
		{5733F160-B06B-40CF-86F5-0B7F4ACA3026}.Debug|x86.Build.0 = Debug|Any CPU
		{5733F160-B06B-40CF-86F5-0B7F4ACA3026}.Release|Any CPU.ActiveCfg = Release|Any CPU
		{5733F160-B06B-40CF-86F5-0B7F4ACA3026}.Release|Any CPU.Build.0 = Release|Any CPU
		{5733F160-B06B-40CF-86F5-0B7F4ACA3026}.Release|x64.ActiveCfg = Release|Any CPU
		{5733F160-B06B-40CF-86F5-0B7F4ACA3026}.Release|x64.Build.0 = Release|Any CPU
		{5733F160-B06B-40CF-86F5-0B7F4ACA3026}.Release|x86.ActiveCfg = Release|Any CPU
		{5733F160-B06B-40CF-86F5-0B7F4ACA3026}.Release|x86.Build.0 = Release|Any CPU
		{6315D791-A5B4-46D9-ACB3-B8F670684C7A}.Debug|Any CPU.ActiveCfg = Debug|Any CPU
		{6315D791-A5B4-46D9-ACB3-B8F670684C7A}.Debug|Any CPU.Build.0 = Debug|Any CPU
		{6315D791-A5B4-46D9-ACB3-B8F670684C7A}.Debug|x64.ActiveCfg = Debug|Any CPU
		{6315D791-A5B4-46D9-ACB3-B8F670684C7A}.Debug|x64.Build.0 = Debug|Any CPU
		{6315D791-A5B4-46D9-ACB3-B8F670684C7A}.Debug|x86.ActiveCfg = Debug|Any CPU
		{6315D791-A5B4-46D9-ACB3-B8F670684C7A}.Debug|x86.Build.0 = Debug|Any CPU
		{6315D791-A5B4-46D9-ACB3-B8F670684C7A}.Release|Any CPU.ActiveCfg = Release|Any CPU
		{6315D791-A5B4-46D9-ACB3-B8F670684C7A}.Release|Any CPU.Build.0 = Release|Any CPU
		{6315D791-A5B4-46D9-ACB3-B8F670684C7A}.Release|x64.ActiveCfg = Release|Any CPU
		{6315D791-A5B4-46D9-ACB3-B8F670684C7A}.Release|x64.Build.0 = Release|Any CPU
		{6315D791-A5B4-46D9-ACB3-B8F670684C7A}.Release|x86.ActiveCfg = Release|Any CPU
		{6315D791-A5B4-46D9-ACB3-B8F670684C7A}.Release|x86.Build.0 = Release|Any CPU
		{F776A476-3490-4DA9-A490-0530D3BBE2D7}.Debug|Any CPU.ActiveCfg = Debug|Any CPU
		{F776A476-3490-4DA9-A490-0530D3BBE2D7}.Debug|Any CPU.Build.0 = Debug|Any CPU
		{F776A476-3490-4DA9-A490-0530D3BBE2D7}.Debug|x64.ActiveCfg = Debug|Any CPU
		{F776A476-3490-4DA9-A490-0530D3BBE2D7}.Debug|x64.Build.0 = Debug|Any CPU
		{F776A476-3490-4DA9-A490-0530D3BBE2D7}.Debug|x86.ActiveCfg = Debug|Any CPU
		{F776A476-3490-4DA9-A490-0530D3BBE2D7}.Debug|x86.Build.0 = Debug|Any CPU
		{F776A476-3490-4DA9-A490-0530D3BBE2D7}.Release|Any CPU.ActiveCfg = Release|Any CPU
		{F776A476-3490-4DA9-A490-0530D3BBE2D7}.Release|Any CPU.Build.0 = Release|Any CPU
		{F776A476-3490-4DA9-A490-0530D3BBE2D7}.Release|x64.ActiveCfg = Release|Any CPU
		{F776A476-3490-4DA9-A490-0530D3BBE2D7}.Release|x64.Build.0 = Release|Any CPU
		{F776A476-3490-4DA9-A490-0530D3BBE2D7}.Release|x86.ActiveCfg = Release|Any CPU
		{F776A476-3490-4DA9-A490-0530D3BBE2D7}.Release|x86.Build.0 = Release|Any CPU
		{228055E4-3024-491F-A305-1C354CADB121}.Debug|Any CPU.ActiveCfg = Debug|Any CPU
		{228055E4-3024-491F-A305-1C354CADB121}.Debug|Any CPU.Build.0 = Debug|Any CPU
		{228055E4-3024-491F-A305-1C354CADB121}.Debug|x64.ActiveCfg = Debug|Any CPU
		{228055E4-3024-491F-A305-1C354CADB121}.Debug|x64.Build.0 = Debug|Any CPU
		{228055E4-3024-491F-A305-1C354CADB121}.Debug|x86.ActiveCfg = Debug|Any CPU
		{228055E4-3024-491F-A305-1C354CADB121}.Debug|x86.Build.0 = Debug|Any CPU
		{228055E4-3024-491F-A305-1C354CADB121}.Release|Any CPU.ActiveCfg = Release|Any CPU
		{228055E4-3024-491F-A305-1C354CADB121}.Release|Any CPU.Build.0 = Release|Any CPU
		{228055E4-3024-491F-A305-1C354CADB121}.Release|x64.ActiveCfg = Release|Any CPU
		{228055E4-3024-491F-A305-1C354CADB121}.Release|x64.Build.0 = Release|Any CPU
		{228055E4-3024-491F-A305-1C354CADB121}.Release|x86.ActiveCfg = Release|Any CPU
		{228055E4-3024-491F-A305-1C354CADB121}.Release|x86.Build.0 = Release|Any CPU
		{31D742E6-B2AB-4B0A-941F-E563346C9969}.Debug|Any CPU.ActiveCfg = Debug|Any CPU
		{31D742E6-B2AB-4B0A-941F-E563346C9969}.Debug|Any CPU.Build.0 = Debug|Any CPU
		{31D742E6-B2AB-4B0A-941F-E563346C9969}.Debug|x64.ActiveCfg = Debug|Any CPU
		{31D742E6-B2AB-4B0A-941F-E563346C9969}.Debug|x64.Build.0 = Debug|Any CPU
		{31D742E6-B2AB-4B0A-941F-E563346C9969}.Debug|x86.ActiveCfg = Debug|Any CPU
		{31D742E6-B2AB-4B0A-941F-E563346C9969}.Debug|x86.Build.0 = Debug|Any CPU
		{31D742E6-B2AB-4B0A-941F-E563346C9969}.Release|Any CPU.ActiveCfg = Release|Any CPU
		{31D742E6-B2AB-4B0A-941F-E563346C9969}.Release|Any CPU.Build.0 = Release|Any CPU
		{31D742E6-B2AB-4B0A-941F-E563346C9969}.Release|x64.ActiveCfg = Release|Any CPU
		{31D742E6-B2AB-4B0A-941F-E563346C9969}.Release|x64.Build.0 = Release|Any CPU
		{31D742E6-B2AB-4B0A-941F-E563346C9969}.Release|x86.ActiveCfg = Release|Any CPU
		{31D742E6-B2AB-4B0A-941F-E563346C9969}.Release|x86.Build.0 = Release|Any CPU
		{C89DF170-5341-43EC-8C2D-91177EB988E9}.Debug|Any CPU.ActiveCfg = Debug|Any CPU
		{C89DF170-5341-43EC-8C2D-91177EB988E9}.Debug|Any CPU.Build.0 = Debug|Any CPU
		{C89DF170-5341-43EC-8C2D-91177EB988E9}.Debug|x64.ActiveCfg = Debug|Any CPU
		{C89DF170-5341-43EC-8C2D-91177EB988E9}.Debug|x64.Build.0 = Debug|Any CPU
		{C89DF170-5341-43EC-8C2D-91177EB988E9}.Debug|x86.ActiveCfg = Debug|Any CPU
		{C89DF170-5341-43EC-8C2D-91177EB988E9}.Debug|x86.Build.0 = Debug|Any CPU
		{C89DF170-5341-43EC-8C2D-91177EB988E9}.Release|Any CPU.ActiveCfg = Release|Any CPU
		{C89DF170-5341-43EC-8C2D-91177EB988E9}.Release|Any CPU.Build.0 = Release|Any CPU
		{C89DF170-5341-43EC-8C2D-91177EB988E9}.Release|x64.ActiveCfg = Release|Any CPU
		{C89DF170-5341-43EC-8C2D-91177EB988E9}.Release|x64.Build.0 = Release|Any CPU
		{C89DF170-5341-43EC-8C2D-91177EB988E9}.Release|x86.ActiveCfg = Release|Any CPU
		{C89DF170-5341-43EC-8C2D-91177EB988E9}.Release|x86.Build.0 = Release|Any CPU
		{B62F8C71-961B-49B8-BC2A-2233E6FE99CF}.Debug|Any CPU.ActiveCfg = Debug|Any CPU
		{B62F8C71-961B-49B8-BC2A-2233E6FE99CF}.Debug|Any CPU.Build.0 = Debug|Any CPU
		{B62F8C71-961B-49B8-BC2A-2233E6FE99CF}.Debug|x64.ActiveCfg = Debug|Any CPU
		{B62F8C71-961B-49B8-BC2A-2233E6FE99CF}.Debug|x64.Build.0 = Debug|Any CPU
		{B62F8C71-961B-49B8-BC2A-2233E6FE99CF}.Debug|x86.ActiveCfg = Debug|Any CPU
		{B62F8C71-961B-49B8-BC2A-2233E6FE99CF}.Debug|x86.Build.0 = Debug|Any CPU
		{B62F8C71-961B-49B8-BC2A-2233E6FE99CF}.Release|Any CPU.ActiveCfg = Release|Any CPU
		{B62F8C71-961B-49B8-BC2A-2233E6FE99CF}.Release|Any CPU.Build.0 = Release|Any CPU
		{B62F8C71-961B-49B8-BC2A-2233E6FE99CF}.Release|x64.ActiveCfg = Release|Any CPU
		{B62F8C71-961B-49B8-BC2A-2233E6FE99CF}.Release|x64.Build.0 = Release|Any CPU
		{B62F8C71-961B-49B8-BC2A-2233E6FE99CF}.Release|x86.ActiveCfg = Release|Any CPU
		{B62F8C71-961B-49B8-BC2A-2233E6FE99CF}.Release|x86.Build.0 = Release|Any CPU
		{DC7A7D9D-928C-4904-873D-45F7D2A29377}.Debug|Any CPU.ActiveCfg = Debug|Any CPU
		{DC7A7D9D-928C-4904-873D-45F7D2A29377}.Debug|Any CPU.Build.0 = Debug|Any CPU
		{DC7A7D9D-928C-4904-873D-45F7D2A29377}.Debug|x64.ActiveCfg = Debug|Any CPU
		{DC7A7D9D-928C-4904-873D-45F7D2A29377}.Debug|x64.Build.0 = Debug|Any CPU
		{DC7A7D9D-928C-4904-873D-45F7D2A29377}.Debug|x86.ActiveCfg = Debug|Any CPU
		{DC7A7D9D-928C-4904-873D-45F7D2A29377}.Debug|x86.Build.0 = Debug|Any CPU
		{DC7A7D9D-928C-4904-873D-45F7D2A29377}.Release|Any CPU.ActiveCfg = Release|Any CPU
		{DC7A7D9D-928C-4904-873D-45F7D2A29377}.Release|Any CPU.Build.0 = Release|Any CPU
		{DC7A7D9D-928C-4904-873D-45F7D2A29377}.Release|x64.ActiveCfg = Release|Any CPU
		{DC7A7D9D-928C-4904-873D-45F7D2A29377}.Release|x64.Build.0 = Release|Any CPU
		{DC7A7D9D-928C-4904-873D-45F7D2A29377}.Release|x86.ActiveCfg = Release|Any CPU
		{DC7A7D9D-928C-4904-873D-45F7D2A29377}.Release|x86.Build.0 = Release|Any CPU
		{0BEF7AB9-ACE0-4F67-A417-C3F3AE7BB1A8}.Debug|Any CPU.ActiveCfg = Debug|Any CPU
		{0BEF7AB9-ACE0-4F67-A417-C3F3AE7BB1A8}.Debug|Any CPU.Build.0 = Debug|Any CPU
		{0BEF7AB9-ACE0-4F67-A417-C3F3AE7BB1A8}.Debug|x64.ActiveCfg = Debug|Any CPU
		{0BEF7AB9-ACE0-4F67-A417-C3F3AE7BB1A8}.Debug|x64.Build.0 = Debug|Any CPU
		{0BEF7AB9-ACE0-4F67-A417-C3F3AE7BB1A8}.Debug|x86.ActiveCfg = Debug|Any CPU
		{0BEF7AB9-ACE0-4F67-A417-C3F3AE7BB1A8}.Debug|x86.Build.0 = Debug|Any CPU
		{0BEF7AB9-ACE0-4F67-A417-C3F3AE7BB1A8}.Release|Any CPU.ActiveCfg = Release|Any CPU
		{0BEF7AB9-ACE0-4F67-A417-C3F3AE7BB1A8}.Release|Any CPU.Build.0 = Release|Any CPU
		{0BEF7AB9-ACE0-4F67-A417-C3F3AE7BB1A8}.Release|x64.ActiveCfg = Release|Any CPU
		{0BEF7AB9-ACE0-4F67-A417-C3F3AE7BB1A8}.Release|x64.Build.0 = Release|Any CPU
		{0BEF7AB9-ACE0-4F67-A417-C3F3AE7BB1A8}.Release|x86.ActiveCfg = Release|Any CPU
		{0BEF7AB9-ACE0-4F67-A417-C3F3AE7BB1A8}.Release|x86.Build.0 = Release|Any CPU
		{1AAF0DA1-9DEA-4A51-8E44-E5456B20E702}.Debug|Any CPU.ActiveCfg = Debug|Any CPU
		{1AAF0DA1-9DEA-4A51-8E44-E5456B20E702}.Debug|Any CPU.Build.0 = Debug|Any CPU
		{1AAF0DA1-9DEA-4A51-8E44-E5456B20E702}.Debug|x64.ActiveCfg = Debug|Any CPU
		{1AAF0DA1-9DEA-4A51-8E44-E5456B20E702}.Debug|x64.Build.0 = Debug|Any CPU
		{1AAF0DA1-9DEA-4A51-8E44-E5456B20E702}.Debug|x86.ActiveCfg = Debug|Any CPU
		{1AAF0DA1-9DEA-4A51-8E44-E5456B20E702}.Debug|x86.Build.0 = Debug|Any CPU
		{1AAF0DA1-9DEA-4A51-8E44-E5456B20E702}.Release|Any CPU.ActiveCfg = Release|Any CPU
		{1AAF0DA1-9DEA-4A51-8E44-E5456B20E702}.Release|Any CPU.Build.0 = Release|Any CPU
		{1AAF0DA1-9DEA-4A51-8E44-E5456B20E702}.Release|x64.ActiveCfg = Release|Any CPU
		{1AAF0DA1-9DEA-4A51-8E44-E5456B20E702}.Release|x64.Build.0 = Release|Any CPU
		{1AAF0DA1-9DEA-4A51-8E44-E5456B20E702}.Release|x86.ActiveCfg = Release|Any CPU
		{1AAF0DA1-9DEA-4A51-8E44-E5456B20E702}.Release|x86.Build.0 = Release|Any CPU
		{29CFDCA0-0FF2-465A-9479-6F2DBF691CD8}.Debug|Any CPU.ActiveCfg = Debug|Any CPU
		{29CFDCA0-0FF2-465A-9479-6F2DBF691CD8}.Debug|Any CPU.Build.0 = Debug|Any CPU
		{29CFDCA0-0FF2-465A-9479-6F2DBF691CD8}.Debug|x64.ActiveCfg = Debug|Any CPU
		{29CFDCA0-0FF2-465A-9479-6F2DBF691CD8}.Debug|x64.Build.0 = Debug|Any CPU
		{29CFDCA0-0FF2-465A-9479-6F2DBF691CD8}.Debug|x86.ActiveCfg = Debug|Any CPU
		{29CFDCA0-0FF2-465A-9479-6F2DBF691CD8}.Debug|x86.Build.0 = Debug|Any CPU
		{29CFDCA0-0FF2-465A-9479-6F2DBF691CD8}.Release|Any CPU.ActiveCfg = Release|Any CPU
		{29CFDCA0-0FF2-465A-9479-6F2DBF691CD8}.Release|Any CPU.Build.0 = Release|Any CPU
		{29CFDCA0-0FF2-465A-9479-6F2DBF691CD8}.Release|x64.ActiveCfg = Release|Any CPU
		{29CFDCA0-0FF2-465A-9479-6F2DBF691CD8}.Release|x64.Build.0 = Release|Any CPU
		{29CFDCA0-0FF2-465A-9479-6F2DBF691CD8}.Release|x86.ActiveCfg = Release|Any CPU
		{29CFDCA0-0FF2-465A-9479-6F2DBF691CD8}.Release|x86.Build.0 = Release|Any CPU
		{0287700C-AE49-4440-9F39-00FD49B511FF}.Debug|Any CPU.ActiveCfg = Debug|Any CPU
		{0287700C-AE49-4440-9F39-00FD49B511FF}.Debug|Any CPU.Build.0 = Debug|Any CPU
		{0287700C-AE49-4440-9F39-00FD49B511FF}.Debug|x64.ActiveCfg = Debug|Any CPU
		{0287700C-AE49-4440-9F39-00FD49B511FF}.Debug|x64.Build.0 = Debug|Any CPU
		{0287700C-AE49-4440-9F39-00FD49B511FF}.Debug|x86.ActiveCfg = Debug|Any CPU
		{0287700C-AE49-4440-9F39-00FD49B511FF}.Debug|x86.Build.0 = Debug|Any CPU
		{0287700C-AE49-4440-9F39-00FD49B511FF}.Release|Any CPU.ActiveCfg = Release|Any CPU
		{0287700C-AE49-4440-9F39-00FD49B511FF}.Release|Any CPU.Build.0 = Release|Any CPU
		{0287700C-AE49-4440-9F39-00FD49B511FF}.Release|x64.ActiveCfg = Release|Any CPU
		{0287700C-AE49-4440-9F39-00FD49B511FF}.Release|x64.Build.0 = Release|Any CPU
		{0287700C-AE49-4440-9F39-00FD49B511FF}.Release|x86.ActiveCfg = Release|Any CPU
		{0287700C-AE49-4440-9F39-00FD49B511FF}.Release|x86.Build.0 = Release|Any CPU
		{77C150E2-6267-4EC4-989C-598A23353377}.Debug|Any CPU.ActiveCfg = Debug|Any CPU
		{77C150E2-6267-4EC4-989C-598A23353377}.Debug|Any CPU.Build.0 = Debug|Any CPU
		{77C150E2-6267-4EC4-989C-598A23353377}.Debug|x64.ActiveCfg = Debug|Any CPU
		{77C150E2-6267-4EC4-989C-598A23353377}.Debug|x64.Build.0 = Debug|Any CPU
		{77C150E2-6267-4EC4-989C-598A23353377}.Debug|x86.ActiveCfg = Debug|Any CPU
		{77C150E2-6267-4EC4-989C-598A23353377}.Debug|x86.Build.0 = Debug|Any CPU
		{77C150E2-6267-4EC4-989C-598A23353377}.Release|Any CPU.ActiveCfg = Release|Any CPU
		{77C150E2-6267-4EC4-989C-598A23353377}.Release|Any CPU.Build.0 = Release|Any CPU
		{77C150E2-6267-4EC4-989C-598A23353377}.Release|x64.ActiveCfg = Release|Any CPU
		{77C150E2-6267-4EC4-989C-598A23353377}.Release|x64.Build.0 = Release|Any CPU
		{77C150E2-6267-4EC4-989C-598A23353377}.Release|x86.ActiveCfg = Release|Any CPU
		{77C150E2-6267-4EC4-989C-598A23353377}.Release|x86.Build.0 = Release|Any CPU
	EndGlobalSection
	GlobalSection(SolutionProperties) = preSolution
		HideSolutionNode = FALSE
	EndGlobalSection
	GlobalSection(ExtensibilityGlobals) = postSolution
		SolutionGuid = {144B2DC0-A437-42E8-B6D2-4340FBE67AA0}
	EndGlobalSection
EndGlobal
