
Microsoft Visual Studio Solution File, Format Version 12.00
# Visual Studio Version 17
VisualStudioVersion = 17.2.32630.192
MinimumVisualStudioVersion = 10.0.40219.1
Project("{9A19103F-16F7-4668-BE54-9A1E7A4F7556}") = "R5T.D0111.A001", "R5T.D0111.A001\R5T.D0111.A001.csproj", "{5679B6B5-F78B-4FC3-B454-A307AEBBBEDA}"
EndProject
Project("{2150E333-8FDC-42A3-9474-1A3956D46DE8}") = "_Dependencies", "_Dependencies", "{FD78862B-9D0D-44AA-9BFB-1E182F8FC9A1}"
EndProject
Project("{9A19103F-16F7-4668-BE54-9A1E7A4F7556}") = "R5T.D0111.D001.Base", "R5T.D0111.D001.Base\R5T.D0111.D001.Base.csproj", "{AA839EF1-6159-4873-A27D-EC355A298C5B}"
EndProject
Project("{9A19103F-16F7-4668-BE54-9A1E7A4F7556}") = "R5T.D0111.D001.I001", "R5T.D0111.D001.I001\R5T.D0111.D001.I001.csproj", "{276E2FDB-EFCD-4629-B122-B53A0E8584F6}"
EndProject
Project("{9A19103F-16F7-4668-BE54-9A1E7A4F7556}") = "R5T.D0065.Base", "..\..\R5T.D0065\source\R5T.D0065.Base\R5T.D0065.Base.csproj", "{C1D48DE3-CF4E-481F-84F4-723256C3E8A8}"
EndProject
Project("{9A19103F-16F7-4668-BE54-9A1E7A4F7556}") = "R5T.L0013", "..\..\R5T.L0013\source\R5T.L0013\R5T.L0013.csproj", "{8D50A5F0-B8F3-412D-8E6D-A2279597BB5F}"
EndProject
Project("{9A19103F-16F7-4668-BE54-9A1E7A4F7556}") = "R5T.Lombardy.Base", "..\..\R5T.Lombardy.Base\source\R5T.Lombardy.Base\R5T.Lombardy.Base.csproj", "{210946B0-FFA6-4A29-89E3-D1B5D084ABE6}"
EndProject
Project("{9A19103F-16F7-4668-BE54-9A1E7A4F7556}") = "R5T.Magyar", "..\..\R5T.Magyar\source\R5T.Magyar\R5T.Magyar.csproj", "{3C35522C-02ED-4356-9753-56D57D33ED76}"
EndProject
Project("{9A19103F-16F7-4668-BE54-9A1E7A4F7556}") = "R5T.T0021", "..\..\R5T.T0021\source\R5T.T0021\R5T.T0021.csproj", "{47747F0E-A0D5-4966-B6D7-745DDD3AE56B}"
EndProject
Project("{9A19103F-16F7-4668-BE54-9A1E7A4F7556}") = "R5T.T0039.T002", "..\..\R5T.T0039\source\R5T.T0039.T002\R5T.T0039.T002.csproj", "{3E7C3BD6-D0DB-4AD0-A437-435B9EA04301}"
EndProject
Project("{9A19103F-16F7-4668-BE54-9A1E7A4F7556}") = "R5T.T0062.X001", "..\..\R5T.T0062\source\R5T.T0062.X001\R5T.T0062.X001.csproj", "{BB7E35E7-2C92-4853-BCA1-7C0022022B8C}"
EndProject
Project("{9A19103F-16F7-4668-BE54-9A1E7A4F7556}") = "R5T.T0062", "..\..\R5T.T0062\source\R5T.T0062\R5T.T0062.csproj", "{53A321F7-4AFF-4DD3-8475-D18BD4FA74EC}"
EndProject
Project("{9A19103F-16F7-4668-BE54-9A1E7A4F7556}") = "R5T.T0063", "..\..\R5T.T0063\source\R5T.T0063\R5T.T0063.csproj", "{64C9E32E-D7C6-4107-862B-B9F999ECF627}"
EndProject
Project("{9A19103F-16F7-4668-BE54-9A1E7A4F7556}") = "R5T.T0064", "..\..\R5T.T0064\source\R5T.T0064\R5T.T0064.csproj", "{D6165A07-DDE4-4DD3-A078-F69693CE9D4B}"
EndProject
Project("{9A19103F-16F7-4668-BE54-9A1E7A4F7556}") = "R5T.T0143", "..\..\R5T.T0143\source\R5T.T0143\R5T.T0143.csproj", "{DF4B283B-E72D-4D23-81EA-343239ABB72F}"
EndProject
Global
	GlobalSection(NestedProjects) = preSolution
		{C1D48DE3-CF4E-481F-84F4-723256C3E8A8} = {FD78862B-9D0D-44AA-9BFB-1E182F8FC9A1}
		{8D50A5F0-B8F3-412D-8E6D-A2279597BB5F} = {FD78862B-9D0D-44AA-9BFB-1E182F8FC9A1}
		{210946B0-FFA6-4A29-89E3-D1B5D084ABE6} = {FD78862B-9D0D-44AA-9BFB-1E182F8FC9A1}
		{3C35522C-02ED-4356-9753-56D57D33ED76} = {FD78862B-9D0D-44AA-9BFB-1E182F8FC9A1}
		{47747F0E-A0D5-4966-B6D7-745DDD3AE56B} = {FD78862B-9D0D-44AA-9BFB-1E182F8FC9A1}
		{3E7C3BD6-D0DB-4AD0-A437-435B9EA04301} = {FD78862B-9D0D-44AA-9BFB-1E182F8FC9A1}
		{BB7E35E7-2C92-4853-BCA1-7C0022022B8C} = {FD78862B-9D0D-44AA-9BFB-1E182F8FC9A1}
		{53A321F7-4AFF-4DD3-8475-D18BD4FA74EC} = {FD78862B-9D0D-44AA-9BFB-1E182F8FC9A1}
		{64C9E32E-D7C6-4107-862B-B9F999ECF627} = {FD78862B-9D0D-44AA-9BFB-1E182F8FC9A1}
		{D6165A07-DDE4-4DD3-A078-F69693CE9D4B} = {FD78862B-9D0D-44AA-9BFB-1E182F8FC9A1}
		{DF4B283B-E72D-4D23-81EA-343239ABB72F} = {FD78862B-9D0D-44AA-9BFB-1E182F8FC9A1}
	EndGlobalSection
	GlobalSection(SolutionConfigurationPlatforms) = preSolution
		Debug|Any CPU = Debug|Any CPU
		Debug|x64 = Debug|x64
		Debug|x86 = Debug|x86
		Release|Any CPU = Release|Any CPU
		Release|x64 = Release|x64
		Release|x86 = Release|x86
	EndGlobalSection
	GlobalSection(ProjectConfigurationPlatforms) = postSolution
		{5679B6B5-F78B-4FC3-B454-A307AEBBBEDA}.Debug|Any CPU.ActiveCfg = Debug|Any CPU
		{5679B6B5-F78B-4FC3-B454-A307AEBBBEDA}.Debug|Any CPU.Build.0 = Debug|Any CPU
		{5679B6B5-F78B-4FC3-B454-A307AEBBBEDA}.Debug|x64.ActiveCfg = Debug|Any CPU
		{5679B6B5-F78B-4FC3-B454-A307AEBBBEDA}.Debug|x64.Build.0 = Debug|Any CPU
		{5679B6B5-F78B-4FC3-B454-A307AEBBBEDA}.Debug|x86.ActiveCfg = Debug|Any CPU
		{5679B6B5-F78B-4FC3-B454-A307AEBBBEDA}.Debug|x86.Build.0 = Debug|Any CPU
		{5679B6B5-F78B-4FC3-B454-A307AEBBBEDA}.Release|Any CPU.ActiveCfg = Release|Any CPU
		{5679B6B5-F78B-4FC3-B454-A307AEBBBEDA}.Release|Any CPU.Build.0 = Release|Any CPU
		{5679B6B5-F78B-4FC3-B454-A307AEBBBEDA}.Release|x64.ActiveCfg = Release|Any CPU
		{5679B6B5-F78B-4FC3-B454-A307AEBBBEDA}.Release|x64.Build.0 = Release|Any CPU
		{5679B6B5-F78B-4FC3-B454-A307AEBBBEDA}.Release|x86.ActiveCfg = Release|Any CPU
		{5679B6B5-F78B-4FC3-B454-A307AEBBBEDA}.Release|x86.Build.0 = Release|Any CPU
		{AA839EF1-6159-4873-A27D-EC355A298C5B}.Debug|Any CPU.ActiveCfg = Debug|Any CPU
		{AA839EF1-6159-4873-A27D-EC355A298C5B}.Debug|Any CPU.Build.0 = Debug|Any CPU
		{AA839EF1-6159-4873-A27D-EC355A298C5B}.Debug|x64.ActiveCfg = Debug|Any CPU
		{AA839EF1-6159-4873-A27D-EC355A298C5B}.Debug|x64.Build.0 = Debug|Any CPU
		{AA839EF1-6159-4873-A27D-EC355A298C5B}.Debug|x86.ActiveCfg = Debug|Any CPU
		{AA839EF1-6159-4873-A27D-EC355A298C5B}.Debug|x86.Build.0 = Debug|Any CPU
		{AA839EF1-6159-4873-A27D-EC355A298C5B}.Release|Any CPU.ActiveCfg = Release|Any CPU
		{AA839EF1-6159-4873-A27D-EC355A298C5B}.Release|Any CPU.Build.0 = Release|Any CPU
		{AA839EF1-6159-4873-A27D-EC355A298C5B}.Release|x64.ActiveCfg = Release|Any CPU
		{AA839EF1-6159-4873-A27D-EC355A298C5B}.Release|x64.Build.0 = Release|Any CPU
		{AA839EF1-6159-4873-A27D-EC355A298C5B}.Release|x86.ActiveCfg = Release|Any CPU
		{AA839EF1-6159-4873-A27D-EC355A298C5B}.Release|x86.Build.0 = Release|Any CPU
		{276E2FDB-EFCD-4629-B122-B53A0E8584F6}.Debug|Any CPU.ActiveCfg = Debug|Any CPU
		{276E2FDB-EFCD-4629-B122-B53A0E8584F6}.Debug|Any CPU.Build.0 = Debug|Any CPU
		{276E2FDB-EFCD-4629-B122-B53A0E8584F6}.Debug|x64.ActiveCfg = Debug|Any CPU
		{276E2FDB-EFCD-4629-B122-B53A0E8584F6}.Debug|x64.Build.0 = Debug|Any CPU
		{276E2FDB-EFCD-4629-B122-B53A0E8584F6}.Debug|x86.ActiveCfg = Debug|Any CPU
		{276E2FDB-EFCD-4629-B122-B53A0E8584F6}.Debug|x86.Build.0 = Debug|Any CPU
		{276E2FDB-EFCD-4629-B122-B53A0E8584F6}.Release|Any CPU.ActiveCfg = Release|Any CPU
		{276E2FDB-EFCD-4629-B122-B53A0E8584F6}.Release|Any CPU.Build.0 = Release|Any CPU
		{276E2FDB-EFCD-4629-B122-B53A0E8584F6}.Release|x64.ActiveCfg = Release|Any CPU
		{276E2FDB-EFCD-4629-B122-B53A0E8584F6}.Release|x64.Build.0 = Release|Any CPU
		{276E2FDB-EFCD-4629-B122-B53A0E8584F6}.Release|x86.ActiveCfg = Release|Any CPU
		{276E2FDB-EFCD-4629-B122-B53A0E8584F6}.Release|x86.Build.0 = Release|Any CPU
		{C1D48DE3-CF4E-481F-84F4-723256C3E8A8}.Debug|Any CPU.ActiveCfg = Debug|Any CPU
		{C1D48DE3-CF4E-481F-84F4-723256C3E8A8}.Debug|Any CPU.Build.0 = Debug|Any CPU
		{C1D48DE3-CF4E-481F-84F4-723256C3E8A8}.Debug|x64.ActiveCfg = Debug|Any CPU
		{C1D48DE3-CF4E-481F-84F4-723256C3E8A8}.Debug|x64.Build.0 = Debug|Any CPU
		{C1D48DE3-CF4E-481F-84F4-723256C3E8A8}.Debug|x86.ActiveCfg = Debug|Any CPU
		{C1D48DE3-CF4E-481F-84F4-723256C3E8A8}.Debug|x86.Build.0 = Debug|Any CPU
		{C1D48DE3-CF4E-481F-84F4-723256C3E8A8}.Release|Any CPU.ActiveCfg = Release|Any CPU
		{C1D48DE3-CF4E-481F-84F4-723256C3E8A8}.Release|Any CPU.Build.0 = Release|Any CPU
		{C1D48DE3-CF4E-481F-84F4-723256C3E8A8}.Release|x64.ActiveCfg = Release|Any CPU
		{C1D48DE3-CF4E-481F-84F4-723256C3E8A8}.Release|x64.Build.0 = Release|Any CPU
		{C1D48DE3-CF4E-481F-84F4-723256C3E8A8}.Release|x86.ActiveCfg = Release|Any CPU
		{C1D48DE3-CF4E-481F-84F4-723256C3E8A8}.Release|x86.Build.0 = Release|Any CPU
		{8D50A5F0-B8F3-412D-8E6D-A2279597BB5F}.Debug|Any CPU.ActiveCfg = Debug|Any CPU
		{8D50A5F0-B8F3-412D-8E6D-A2279597BB5F}.Debug|Any CPU.Build.0 = Debug|Any CPU
		{8D50A5F0-B8F3-412D-8E6D-A2279597BB5F}.Debug|x64.ActiveCfg = Debug|Any CPU
		{8D50A5F0-B8F3-412D-8E6D-A2279597BB5F}.Debug|x64.Build.0 = Debug|Any CPU
		{8D50A5F0-B8F3-412D-8E6D-A2279597BB5F}.Debug|x86.ActiveCfg = Debug|Any CPU
		{8D50A5F0-B8F3-412D-8E6D-A2279597BB5F}.Debug|x86.Build.0 = Debug|Any CPU
		{8D50A5F0-B8F3-412D-8E6D-A2279597BB5F}.Release|Any CPU.ActiveCfg = Release|Any CPU
		{8D50A5F0-B8F3-412D-8E6D-A2279597BB5F}.Release|Any CPU.Build.0 = Release|Any CPU
		{8D50A5F0-B8F3-412D-8E6D-A2279597BB5F}.Release|x64.ActiveCfg = Release|Any CPU
		{8D50A5F0-B8F3-412D-8E6D-A2279597BB5F}.Release|x64.Build.0 = Release|Any CPU
		{8D50A5F0-B8F3-412D-8E6D-A2279597BB5F}.Release|x86.ActiveCfg = Release|Any CPU
		{8D50A5F0-B8F3-412D-8E6D-A2279597BB5F}.Release|x86.Build.0 = Release|Any CPU
		{210946B0-FFA6-4A29-89E3-D1B5D084ABE6}.Debug|Any CPU.ActiveCfg = Debug|Any CPU
		{210946B0-FFA6-4A29-89E3-D1B5D084ABE6}.Debug|Any CPU.Build.0 = Debug|Any CPU
		{210946B0-FFA6-4A29-89E3-D1B5D084ABE6}.Debug|x64.ActiveCfg = Debug|Any CPU
		{210946B0-FFA6-4A29-89E3-D1B5D084ABE6}.Debug|x64.Build.0 = Debug|Any CPU
		{210946B0-FFA6-4A29-89E3-D1B5D084ABE6}.Debug|x86.ActiveCfg = Debug|Any CPU
		{210946B0-FFA6-4A29-89E3-D1B5D084ABE6}.Debug|x86.Build.0 = Debug|Any CPU
		{210946B0-FFA6-4A29-89E3-D1B5D084ABE6}.Release|Any CPU.ActiveCfg = Release|Any CPU
		{210946B0-FFA6-4A29-89E3-D1B5D084ABE6}.Release|Any CPU.Build.0 = Release|Any CPU
		{210946B0-FFA6-4A29-89E3-D1B5D084ABE6}.Release|x64.ActiveCfg = Release|Any CPU
		{210946B0-FFA6-4A29-89E3-D1B5D084ABE6}.Release|x64.Build.0 = Release|Any CPU
		{210946B0-FFA6-4A29-89E3-D1B5D084ABE6}.Release|x86.ActiveCfg = Release|Any CPU
		{210946B0-FFA6-4A29-89E3-D1B5D084ABE6}.Release|x86.Build.0 = Release|Any CPU
		{3C35522C-02ED-4356-9753-56D57D33ED76}.Debug|Any CPU.ActiveCfg = Debug|Any CPU
		{3C35522C-02ED-4356-9753-56D57D33ED76}.Debug|Any CPU.Build.0 = Debug|Any CPU
		{3C35522C-02ED-4356-9753-56D57D33ED76}.Debug|x64.ActiveCfg = Debug|Any CPU
		{3C35522C-02ED-4356-9753-56D57D33ED76}.Debug|x64.Build.0 = Debug|Any CPU
		{3C35522C-02ED-4356-9753-56D57D33ED76}.Debug|x86.ActiveCfg = Debug|Any CPU
		{3C35522C-02ED-4356-9753-56D57D33ED76}.Debug|x86.Build.0 = Debug|Any CPU
		{3C35522C-02ED-4356-9753-56D57D33ED76}.Release|Any CPU.ActiveCfg = Release|Any CPU
		{3C35522C-02ED-4356-9753-56D57D33ED76}.Release|Any CPU.Build.0 = Release|Any CPU
		{3C35522C-02ED-4356-9753-56D57D33ED76}.Release|x64.ActiveCfg = Release|Any CPU
		{3C35522C-02ED-4356-9753-56D57D33ED76}.Release|x64.Build.0 = Release|Any CPU
		{3C35522C-02ED-4356-9753-56D57D33ED76}.Release|x86.ActiveCfg = Release|Any CPU
		{3C35522C-02ED-4356-9753-56D57D33ED76}.Release|x86.Build.0 = Release|Any CPU
		{47747F0E-A0D5-4966-B6D7-745DDD3AE56B}.Debug|Any CPU.ActiveCfg = Debug|Any CPU
		{47747F0E-A0D5-4966-B6D7-745DDD3AE56B}.Debug|Any CPU.Build.0 = Debug|Any CPU
		{47747F0E-A0D5-4966-B6D7-745DDD3AE56B}.Debug|x64.ActiveCfg = Debug|Any CPU
		{47747F0E-A0D5-4966-B6D7-745DDD3AE56B}.Debug|x64.Build.0 = Debug|Any CPU
		{47747F0E-A0D5-4966-B6D7-745DDD3AE56B}.Debug|x86.ActiveCfg = Debug|Any CPU
		{47747F0E-A0D5-4966-B6D7-745DDD3AE56B}.Debug|x86.Build.0 = Debug|Any CPU
		{47747F0E-A0D5-4966-B6D7-745DDD3AE56B}.Release|Any CPU.ActiveCfg = Release|Any CPU
		{47747F0E-A0D5-4966-B6D7-745DDD3AE56B}.Release|Any CPU.Build.0 = Release|Any CPU
		{47747F0E-A0D5-4966-B6D7-745DDD3AE56B}.Release|x64.ActiveCfg = Release|Any CPU
		{47747F0E-A0D5-4966-B6D7-745DDD3AE56B}.Release|x64.Build.0 = Release|Any CPU
		{47747F0E-A0D5-4966-B6D7-745DDD3AE56B}.Release|x86.ActiveCfg = Release|Any CPU
		{47747F0E-A0D5-4966-B6D7-745DDD3AE56B}.Release|x86.Build.0 = Release|Any CPU
		{3E7C3BD6-D0DB-4AD0-A437-435B9EA04301}.Debug|Any CPU.ActiveCfg = Debug|Any CPU
		{3E7C3BD6-D0DB-4AD0-A437-435B9EA04301}.Debug|Any CPU.Build.0 = Debug|Any CPU
		{3E7C3BD6-D0DB-4AD0-A437-435B9EA04301}.Debug|x64.ActiveCfg = Debug|Any CPU
		{3E7C3BD6-D0DB-4AD0-A437-435B9EA04301}.Debug|x64.Build.0 = Debug|Any CPU
		{3E7C3BD6-D0DB-4AD0-A437-435B9EA04301}.Debug|x86.ActiveCfg = Debug|Any CPU
		{3E7C3BD6-D0DB-4AD0-A437-435B9EA04301}.Debug|x86.Build.0 = Debug|Any CPU
		{3E7C3BD6-D0DB-4AD0-A437-435B9EA04301}.Release|Any CPU.ActiveCfg = Release|Any CPU
		{3E7C3BD6-D0DB-4AD0-A437-435B9EA04301}.Release|Any CPU.Build.0 = Release|Any CPU
		{3E7C3BD6-D0DB-4AD0-A437-435B9EA04301}.Release|x64.ActiveCfg = Release|Any CPU
		{3E7C3BD6-D0DB-4AD0-A437-435B9EA04301}.Release|x64.Build.0 = Release|Any CPU
		{3E7C3BD6-D0DB-4AD0-A437-435B9EA04301}.Release|x86.ActiveCfg = Release|Any CPU
		{3E7C3BD6-D0DB-4AD0-A437-435B9EA04301}.Release|x86.Build.0 = Release|Any CPU
		{BB7E35E7-2C92-4853-BCA1-7C0022022B8C}.Debug|Any CPU.ActiveCfg = Debug|Any CPU
		{BB7E35E7-2C92-4853-BCA1-7C0022022B8C}.Debug|Any CPU.Build.0 = Debug|Any CPU
		{BB7E35E7-2C92-4853-BCA1-7C0022022B8C}.Debug|x64.ActiveCfg = Debug|Any CPU
		{BB7E35E7-2C92-4853-BCA1-7C0022022B8C}.Debug|x64.Build.0 = Debug|Any CPU
		{BB7E35E7-2C92-4853-BCA1-7C0022022B8C}.Debug|x86.ActiveCfg = Debug|Any CPU
		{BB7E35E7-2C92-4853-BCA1-7C0022022B8C}.Debug|x86.Build.0 = Debug|Any CPU
		{BB7E35E7-2C92-4853-BCA1-7C0022022B8C}.Release|Any CPU.ActiveCfg = Release|Any CPU
		{BB7E35E7-2C92-4853-BCA1-7C0022022B8C}.Release|Any CPU.Build.0 = Release|Any CPU
		{BB7E35E7-2C92-4853-BCA1-7C0022022B8C}.Release|x64.ActiveCfg = Release|Any CPU
		{BB7E35E7-2C92-4853-BCA1-7C0022022B8C}.Release|x64.Build.0 = Release|Any CPU
		{BB7E35E7-2C92-4853-BCA1-7C0022022B8C}.Release|x86.ActiveCfg = Release|Any CPU
		{BB7E35E7-2C92-4853-BCA1-7C0022022B8C}.Release|x86.Build.0 = Release|Any CPU
		{53A321F7-4AFF-4DD3-8475-D18BD4FA74EC}.Debug|Any CPU.ActiveCfg = Debug|Any CPU
		{53A321F7-4AFF-4DD3-8475-D18BD4FA74EC}.Debug|Any CPU.Build.0 = Debug|Any CPU
		{53A321F7-4AFF-4DD3-8475-D18BD4FA74EC}.Debug|x64.ActiveCfg = Debug|Any CPU
		{53A321F7-4AFF-4DD3-8475-D18BD4FA74EC}.Debug|x64.Build.0 = Debug|Any CPU
		{53A321F7-4AFF-4DD3-8475-D18BD4FA74EC}.Debug|x86.ActiveCfg = Debug|Any CPU
		{53A321F7-4AFF-4DD3-8475-D18BD4FA74EC}.Debug|x86.Build.0 = Debug|Any CPU
		{53A321F7-4AFF-4DD3-8475-D18BD4FA74EC}.Release|Any CPU.ActiveCfg = Release|Any CPU
		{53A321F7-4AFF-4DD3-8475-D18BD4FA74EC}.Release|Any CPU.Build.0 = Release|Any CPU
		{53A321F7-4AFF-4DD3-8475-D18BD4FA74EC}.Release|x64.ActiveCfg = Release|Any CPU
		{53A321F7-4AFF-4DD3-8475-D18BD4FA74EC}.Release|x64.Build.0 = Release|Any CPU
		{53A321F7-4AFF-4DD3-8475-D18BD4FA74EC}.Release|x86.ActiveCfg = Release|Any CPU
		{53A321F7-4AFF-4DD3-8475-D18BD4FA74EC}.Release|x86.Build.0 = Release|Any CPU
		{64C9E32E-D7C6-4107-862B-B9F999ECF627}.Debug|Any CPU.ActiveCfg = Debug|Any CPU
		{64C9E32E-D7C6-4107-862B-B9F999ECF627}.Debug|Any CPU.Build.0 = Debug|Any CPU
		{64C9E32E-D7C6-4107-862B-B9F999ECF627}.Debug|x64.ActiveCfg = Debug|Any CPU
		{64C9E32E-D7C6-4107-862B-B9F999ECF627}.Debug|x64.Build.0 = Debug|Any CPU
		{64C9E32E-D7C6-4107-862B-B9F999ECF627}.Debug|x86.ActiveCfg = Debug|Any CPU
		{64C9E32E-D7C6-4107-862B-B9F999ECF627}.Debug|x86.Build.0 = Debug|Any CPU
		{64C9E32E-D7C6-4107-862B-B9F999ECF627}.Release|Any CPU.ActiveCfg = Release|Any CPU
		{64C9E32E-D7C6-4107-862B-B9F999ECF627}.Release|Any CPU.Build.0 = Release|Any CPU
		{64C9E32E-D7C6-4107-862B-B9F999ECF627}.Release|x64.ActiveCfg = Release|Any CPU
		{64C9E32E-D7C6-4107-862B-B9F999ECF627}.Release|x64.Build.0 = Release|Any CPU
		{64C9E32E-D7C6-4107-862B-B9F999ECF627}.Release|x86.ActiveCfg = Release|Any CPU
		{64C9E32E-D7C6-4107-862B-B9F999ECF627}.Release|x86.Build.0 = Release|Any CPU
		{D6165A07-DDE4-4DD3-A078-F69693CE9D4B}.Debug|Any CPU.ActiveCfg = Debug|Any CPU
		{D6165A07-DDE4-4DD3-A078-F69693CE9D4B}.Debug|Any CPU.Build.0 = Debug|Any CPU
		{D6165A07-DDE4-4DD3-A078-F69693CE9D4B}.Debug|x64.ActiveCfg = Debug|Any CPU
		{D6165A07-DDE4-4DD3-A078-F69693CE9D4B}.Debug|x64.Build.0 = Debug|Any CPU
		{D6165A07-DDE4-4DD3-A078-F69693CE9D4B}.Debug|x86.ActiveCfg = Debug|Any CPU
		{D6165A07-DDE4-4DD3-A078-F69693CE9D4B}.Debug|x86.Build.0 = Debug|Any CPU
		{D6165A07-DDE4-4DD3-A078-F69693CE9D4B}.Release|Any CPU.ActiveCfg = Release|Any CPU
		{D6165A07-DDE4-4DD3-A078-F69693CE9D4B}.Release|Any CPU.Build.0 = Release|Any CPU
		{D6165A07-DDE4-4DD3-A078-F69693CE9D4B}.Release|x64.ActiveCfg = Release|Any CPU
		{D6165A07-DDE4-4DD3-A078-F69693CE9D4B}.Release|x64.Build.0 = Release|Any CPU
		{D6165A07-DDE4-4DD3-A078-F69693CE9D4B}.Release|x86.ActiveCfg = Release|Any CPU
		{D6165A07-DDE4-4DD3-A078-F69693CE9D4B}.Release|x86.Build.0 = Release|Any CPU
		{DF4B283B-E72D-4D23-81EA-343239ABB72F}.Debug|Any CPU.ActiveCfg = Debug|Any CPU
		{DF4B283B-E72D-4D23-81EA-343239ABB72F}.Debug|Any CPU.Build.0 = Debug|Any CPU
		{DF4B283B-E72D-4D23-81EA-343239ABB72F}.Debug|x64.ActiveCfg = Debug|Any CPU
		{DF4B283B-E72D-4D23-81EA-343239ABB72F}.Debug|x64.Build.0 = Debug|Any CPU
		{DF4B283B-E72D-4D23-81EA-343239ABB72F}.Debug|x86.ActiveCfg = Debug|Any CPU
		{DF4B283B-E72D-4D23-81EA-343239ABB72F}.Debug|x86.Build.0 = Debug|Any CPU
		{DF4B283B-E72D-4D23-81EA-343239ABB72F}.Release|Any CPU.ActiveCfg = Release|Any CPU
		{DF4B283B-E72D-4D23-81EA-343239ABB72F}.Release|Any CPU.Build.0 = Release|Any CPU
		{DF4B283B-E72D-4D23-81EA-343239ABB72F}.Release|x64.ActiveCfg = Release|Any CPU
		{DF4B283B-E72D-4D23-81EA-343239ABB72F}.Release|x64.Build.0 = Release|Any CPU
		{DF4B283B-E72D-4D23-81EA-343239ABB72F}.Release|x86.ActiveCfg = Release|Any CPU
		{DF4B283B-E72D-4D23-81EA-343239ABB72F}.Release|x86.Build.0 = Release|Any CPU
	EndGlobalSection
	GlobalSection(SolutionProperties) = preSolution
		HideSolutionNode = FALSE
	EndGlobalSection
	GlobalSection(ExtensibilityGlobals) = postSolution
		SolutionGuid = {5E0D41BA-B036-4135-B112-7531A9B7A291}
	EndGlobalSection
EndGlobal
